
Microsoft Visual Studio Solution File, Format Version 12.00
# Visual Studio 15
VisualStudioVersion = 15.0.27130.2036
MinimumVisualStudioVersion = 10.0.40219.1
Project("{FAE04EC0-301F-11D3-BF4B-00C04F79EFBC}") = "puertos", "puertos\puertos.csproj", "{7F3A9C26-048D-497C-9D12-B52829C5B740}"
EndProject
Global
	GlobalSection(SolutionConfigurationPlatforms) = preSolution
		Debug|Any CPU = Debug|Any CPU
		Release|Any CPU = Release|Any CPU
	EndGlobalSection
	GlobalSection(ProjectConfigurationPlatforms) = postSolution
		{7F3A9C26-048D-497C-9D12-B52829C5B740}.Debug|Any CPU.ActiveCfg = Debug|Any CPU
		{7F3A9C26-048D-497C-9D12-B52829C5B740}.Debug|Any CPU.Build.0 = Debug|Any CPU
		{7F3A9C26-048D-497C-9D12-B52829C5B740}.Release|Any CPU.ActiveCfg = Release|Any CPU
		{7F3A9C26-048D-497C-9D12-B52829C5B740}.Release|Any CPU.Build.0 = Release|Any CPU
	EndGlobalSection
	GlobalSection(SolutionProperties) = preSolution
		HideSolutionNode = FALSE
	EndGlobalSection
	GlobalSection(ExtensibilityGlobals) = postSolution
		SolutionGuid = {60F6C33F-8795-425A-899A-E50F6F31B89C}
	EndGlobalSection
EndGlobal
